PODS:
  - RxBlocking (5.1.1):
    - RxSwift (~> 5)
  - RxCocoa (5.1.1):
    - RxRelay (~> 5)
    - RxSwift (~> 5)
  - RxRelay (5.1.1):
    - RxSwift (~> 5)
  - RxSwift (5.1.1)
  - RxTest (5.1.1):
    - RxSwift (~> 5)
  - SensingKit (0.5.1)

DEPENDENCIES:
  - RxBlocking (~> 5.1.1)
  - RxCocoa (~> 5.1.1)
  - RxSwift (~> 5.1.1)
  - RxTest (~> 5.1.1)
  - SensingKit

SPEC REPOS:
  trunk:
    - RxBlocking
    - RxCocoa
    - RxRelay
    - RxSwift
    - RxTest
    - SensingKit

SPEC CHECKSUMS:
  RxBlocking: 5f700a78cad61ce253ebd37c9a39b5ccc76477b4
  RxCocoa: 32065309a38d29b5b0db858819b5bf9ef038b601
  RxRelay: d77f7d771495f43c556cbc43eebd1bb54d01e8e9
  RxSwift: 81470a2074fa8780320ea5fe4102807cb7118178
  RxTest: 711632d5644dffbeb62c936a521b5b008a1e1faa
  SensingKit: e4acb178652e6bcf23e564f2da111e5087b39e79

PODFILE CHECKSUM: fbbb7f21db55ca46fce6f4403904d50d8d3252e4

COCOAPODS: 1.9.3
